
Microsoft Visual Studio Solution File, Format Version 12.00
# Visual Studio 15
VisualStudioVersion = 15.0.27130.2010
MinimumVisualStudioVersion = 10.0.40219.1
Project("{8BC9CEB8-8B4A-11D0-8D11-00A0C91BC942}") = "path_generator", "path_generator\path_generator.vcxproj", "{F1F37B00-D2F7-47B3-BDC2-E75D3A0F0E39}"
EndProject
Global
	GlobalSection(SolutionConfigurationPlatforms) = preSolution
		Debug|x64 = Debug|x64
		Debug|x86 = Debug|x86
		Release|x64 = Release|x64
		Release|x86 = Release|x86
	EndGlobalSection
	GlobalSection(ProjectConfigurationPlatforms) = postSolution
		{F1F37B00-D2F7-47B3-BDC2-E75D3A0F0E39}.Debug|x64.ActiveCfg = Debug|x64
		{F1F37B00-D2F7-47B3-BDC2-E75D3A0F0E39}.Debug|x64.Build.0 = Debug|x64
		{F1F37B00-D2F7-47B3-BDC2-E75D3A0F0E39}.Debug|x86.ActiveCfg = Debug|Win32
		{F1F37B00-D2F7-47B3-BDC2-E75D3A0F0E39}.Debug|x86.Build.0 = Debug|Win32
		{F1F37B00-D2F7-47B3-BDC2-E75D3A0F0E39}.Release|x64.ActiveCfg = Release|x64
		{F1F37B00-D2F7-47B3-BDC2-E75D3A0F0E39}.Release|x64.Build.0 = Release|x64
		{F1F37B00-D2F7-47B3-BDC2-E75D3A0F0E39}.Release|x86.ActiveCfg = Release|Win32
		{F1F37B00-D2F7-47B3-BDC2-E75D3A0F0E39}.Release|x86.Build.0 = Release|Win32
	EndGlobalSection
	GlobalSection(SolutionProperties) = preSolution
		HideSolutionNode = FALSE
	EndGlobalSection
	GlobalSection(ExtensibilityGlobals) = postSolution
		SolutionGuid = {9E9ABAD0-BDA9-42C2-9523-0EDC73B8841E}
	EndGlobalSection
EndGlobal
